
Microsoft Visual Studio Solution File, Format Version 12.00
# Visual Studio Version 17
VisualStudioVersion = 17.4.33213.308
MinimumVisualStudioVersion = 10.0.40219.1
Project("{9A19103F-16F7-4668-BE54-9A1E7A4F7556}") = "AppDev1_Budget", "AppDev1_Budget\AppDev1_Budget.csproj", "{1E3BB46F-5758-41DF-A960-CB328F83E479}"
EndProject
Project("{9A19103F-16F7-4668-BE54-9A1E7A4F7556}") = "DatabaseTesting", "DatabaseTesting\DatabaseTesting.csproj", "{28AF75AF-71FD-4EE4-8532-588F0513B278}"
EndProject
Project("{9A19103F-16F7-4668-BE54-9A1E7A4F7556}") = "BudgetTesting", "BudgetTesting\BudgetTesting.csproj", "{41BF5717-F481-4816-B2D1-E6BB07EA6B58}"
EndProject
Project("{9A19103F-16F7-4668-BE54-9A1E7A4F7556}") = "Budget_WPF", "Budget_WPF\Budget_WPF.csproj", "{FB2A207B-83F5-45E8-8A97-6FB4294521C9}"
EndProject
Project("{C7167F0D-BC9F-4E6E-AFE1-012C56B48DB5}") = "BudgetWap", "BudgetWap\BudgetWap.wapproj", "{27ED0DE3-ADCE-4467-90A3-B0C6E69C9B6E}"
EndProject
Global
	GlobalSection(SolutionConfigurationPlatforms) = preSolution
		Debug|Any CPU = Debug|Any CPU
		Debug|ARM = Debug|ARM
		Debug|ARM64 = Debug|ARM64
		Debug|x64 = Debug|x64
		Debug|x86 = Debug|x86
		Release|Any CPU = Release|Any CPU
		Release|ARM = Release|ARM
		Release|ARM64 = Release|ARM64
		Release|x64 = Release|x64
		Release|x86 = Release|x86
	EndGlobalSection
	GlobalSection(ProjectConfigurationPlatforms) = postSolution
		{1E3BB46F-5758-41DF-A960-CB328F83E479}.Debug|Any CPU.ActiveCfg = Debug|x86
		{1E3BB46F-5758-41DF-A960-CB328F83E479}.Debug|Any CPU.Build.0 = Debug|x86
		{1E3BB46F-5758-41DF-A960-CB328F83E479}.Debug|ARM.ActiveCfg = Debug|Any CPU
		{1E3BB46F-5758-41DF-A960-CB328F83E479}.Debug|ARM.Build.0 = Debug|Any CPU
		{1E3BB46F-5758-41DF-A960-CB328F83E479}.Debug|ARM64.ActiveCfg = Debug|Any CPU
		{1E3BB46F-5758-41DF-A960-CB328F83E479}.Debug|ARM64.Build.0 = Debug|Any CPU
		{1E3BB46F-5758-41DF-A960-CB328F83E479}.Debug|x64.ActiveCfg = Debug|x64
		{1E3BB46F-5758-41DF-A960-CB328F83E479}.Debug|x64.Build.0 = Debug|x64
		{1E3BB46F-5758-41DF-A960-CB328F83E479}.Debug|x86.ActiveCfg = Debug|x86
		{1E3BB46F-5758-41DF-A960-CB328F83E479}.Debug|x86.Build.0 = Debug|x86
		{1E3BB46F-5758-41DF-A960-CB328F83E479}.Release|Any CPU.ActiveCfg = Release|Any CPU
		{1E3BB46F-5758-41DF-A960-CB328F83E479}.Release|Any CPU.Build.0 = Release|Any CPU
		{1E3BB46F-5758-41DF-A960-CB328F83E479}.Release|ARM.ActiveCfg = Release|Any CPU
		{1E3BB46F-5758-41DF-A960-CB328F83E479}.Release|ARM.Build.0 = Release|Any CPU
		{1E3BB46F-5758-41DF-A960-CB328F83E479}.Release|ARM64.ActiveCfg = Release|Any CPU
		{1E3BB46F-5758-41DF-A960-CB328F83E479}.Release|ARM64.Build.0 = Release|Any CPU
		{1E3BB46F-5758-41DF-A960-CB328F83E479}.Release|x64.ActiveCfg = Release|x64
		{1E3BB46F-5758-41DF-A960-CB328F83E479}.Release|x64.Build.0 = Release|x64
		{1E3BB46F-5758-41DF-A960-CB328F83E479}.Release|x86.ActiveCfg = Release|x86
		{1E3BB46F-5758-41DF-A960-CB328F83E479}.Release|x86.Build.0 = Release|x86
		{28AF75AF-71FD-4EE4-8532-588F0513B278}.Debug|Any CPU.ActiveCfg = Debug|x86
		{28AF75AF-71FD-4EE4-8532-588F0513B278}.Debug|Any CPU.Build.0 = Debug|x86
		{28AF75AF-71FD-4EE4-8532-588F0513B278}.Debug|ARM.ActiveCfg = Debug|Any CPU
		{28AF75AF-71FD-4EE4-8532-588F0513B278}.Debug|ARM.Build.0 = Debug|Any CPU
		{28AF75AF-71FD-4EE4-8532-588F0513B278}.Debug|ARM64.ActiveCfg = Debug|Any CPU
		{28AF75AF-71FD-4EE4-8532-588F0513B278}.Debug|ARM64.Build.0 = Debug|Any CPU
		{28AF75AF-71FD-4EE4-8532-588F0513B278}.Debug|x64.ActiveCfg = Debug|x64
		{28AF75AF-71FD-4EE4-8532-588F0513B278}.Debug|x64.Build.0 = Debug|x64
		{28AF75AF-71FD-4EE4-8532-588F0513B278}.Debug|x86.ActiveCfg = Debug|x86
		{28AF75AF-71FD-4EE4-8532-588F0513B278}.Debug|x86.Build.0 = Debug|x86
		{28AF75AF-71FD-4EE4-8532-588F0513B278}.Release|Any CPU.ActiveCfg = Release|Any CPU
		{28AF75AF-71FD-4EE4-8532-588F0513B278}.Release|Any CPU.Build.0 = Release|Any CPU
		{28AF75AF-71FD-4EE4-8532-588F0513B278}.Release|ARM.ActiveCfg = Release|Any CPU
		{28AF75AF-71FD-4EE4-8532-588F0513B278}.Release|ARM.Build.0 = Release|Any CPU
		{28AF75AF-71FD-4EE4-8532-588F0513B278}.Release|ARM64.ActiveCfg = Release|Any CPU
		{28AF75AF-71FD-4EE4-8532-588F0513B278}.Release|ARM64.Build.0 = Release|Any CPU
		{28AF75AF-71FD-4EE4-8532-588F0513B278}.Release|x64.ActiveCfg = Release|x64
		{28AF75AF-71FD-4EE4-8532-588F0513B278}.Release|x64.Build.0 = Release|x64
		{28AF75AF-71FD-4EE4-8532-588F0513B278}.Release|x86.ActiveCfg = Release|x86
		{28AF75AF-71FD-4EE4-8532-588F0513B278}.Release|x86.Build.0 = Release|x86
		{41BF5717-F481-4816-B2D1-E6BB07EA6B58}.Debug|Any CPU.ActiveCfg = Debug|x86
		{41BF5717-F481-4816-B2D1-E6BB07EA6B58}.Debug|Any CPU.Build.0 = Debug|x86
		{41BF5717-F481-4816-B2D1-E6BB07EA6B58}.Debug|ARM.ActiveCfg = Debug|Any CPU
		{41BF5717-F481-4816-B2D1-E6BB07EA6B58}.Debug|ARM.Build.0 = Debug|Any CPU
		{41BF5717-F481-4816-B2D1-E6BB07EA6B58}.Debug|ARM64.ActiveCfg = Debug|Any CPU
		{41BF5717-F481-4816-B2D1-E6BB07EA6B58}.Debug|ARM64.Build.0 = Debug|Any CPU
		{41BF5717-F481-4816-B2D1-E6BB07EA6B58}.Debug|x64.ActiveCfg = Debug|x64
		{41BF5717-F481-4816-B2D1-E6BB07EA6B58}.Debug|x64.Build.0 = Debug|x64
		{41BF5717-F481-4816-B2D1-E6BB07EA6B58}.Debug|x86.ActiveCfg = Debug|x86
		{41BF5717-F481-4816-B2D1-E6BB07EA6B58}.Debug|x86.Build.0 = Debug|x86
		{41BF5717-F481-4816-B2D1-E6BB07EA6B58}.Release|Any CPU.ActiveCfg = Release|Any CPU
		{41BF5717-F481-4816-B2D1-E6BB07EA6B58}.Release|Any CPU.Build.0 = Release|Any CPU
		{41BF5717-F481-4816-B2D1-E6BB07EA6B58}.Release|ARM.ActiveCfg = Release|Any CPU
		{41BF5717-F481-4816-B2D1-E6BB07EA6B58}.Release|ARM.Build.0 = Release|Any CPU
		{41BF5717-F481-4816-B2D1-E6BB07EA6B58}.Release|ARM64.ActiveCfg = Release|Any CPU
		{41BF5717-F481-4816-B2D1-E6BB07EA6B58}.Release|ARM64.Build.0 = Release|Any CPU
		{41BF5717-F481-4816-B2D1-E6BB07EA6B58}.Release|x64.ActiveCfg = Release|x64
		{41BF5717-F481-4816-B2D1-E6BB07EA6B58}.Release|x64.Build.0 = Release|x64
		{41BF5717-F481-4816-B2D1-E6BB07EA6B58}.Release|x86.ActiveCfg = Release|x86
		{41BF5717-F481-4816-B2D1-E6BB07EA6B58}.Release|x86.Build.0 = Release|x86
		{FB2A207B-83F5-45E8-8A97-6FB4294521C9}.Debug|Any CPU.ActiveCfg = Debug|x86
		{FB2A207B-83F5-45E8-8A97-6FB4294521C9}.Debug|Any CPU.Build.0 = Debug|x86
		{FB2A207B-83F5-45E8-8A97-6FB4294521C9}.Debug|ARM.ActiveCfg = Debug|Any CPU
		{FB2A207B-83F5-45E8-8A97-6FB4294521C9}.Debug|ARM.Build.0 = Debug|Any CPU
		{FB2A207B-83F5-45E8-8A97-6FB4294521C9}.Debug|ARM64.ActiveCfg = Debug|Any CPU
		{FB2A207B-83F5-45E8-8A97-6FB4294521C9}.Debug|ARM64.Build.0 = Debug|Any CPU
		{FB2A207B-83F5-45E8-8A97-6FB4294521C9}.Debug|x64.ActiveCfg = Debug|x64
		{FB2A207B-83F5-45E8-8A97-6FB4294521C9}.Debug|x64.Build.0 = Debug|x64
		{FB2A207B-83F5-45E8-8A97-6FB4294521C9}.Debug|x86.ActiveCfg = Debug|x86
		{FB2A207B-83F5-45E8-8A97-6FB4294521C9}.Debug|x86.Build.0 = Debug|x86
		{FB2A207B-83F5-45E8-8A97-6FB4294521C9}.Release|Any CPU.ActiveCfg = Release|Any CPU
		{FB2A207B-83F5-45E8-8A97-6FB4294521C9}.Release|Any CPU.Build.0 = Release|Any CPU
		{FB2A207B-83F5-45E8-8A97-6FB4294521C9}.Release|ARM.ActiveCfg = Release|Any CPU
		{FB2A207B-83F5-45E8-8A97-6FB4294521C9}.Release|ARM.Build.0 = Release|Any CPU
		{FB2A207B-83F5-45E8-8A97-6FB4294521C9}.Release|ARM64.ActiveCfg = Release|Any CPU
		{FB2A207B-83F5-45E8-8A97-6FB4294521C9}.Release|ARM64.Build.0 = Release|Any CPU
		{FB2A207B-83F5-45E8-8A97-6FB4294521C9}.Release|x64.ActiveCfg = Release|x64
		{FB2A207B-83F5-45E8-8A97-6FB4294521C9}.Release|x64.Build.0 = Release|x64
		{FB2A207B-83F5-45E8-8A97-6FB4294521C9}.Release|x86.ActiveCfg = Release|x86
		{FB2A207B-83F5-45E8-8A97-6FB4294521C9}.Release|x86.Build.0 = Release|x86
		{27ED0DE3-ADCE-4467-90A3-B0C6E69C9B6E}.Debug|Any CPU.ActiveCfg = Debug|Any CPU
		{27ED0DE3-ADCE-4467-90A3-B0C6E69C9B6E}.Debug|Any CPU.Build.0 = Debug|Any CPU
		{27ED0DE3-ADCE-4467-90A3-B0C6E69C9B6E}.Debug|Any CPU.Deploy.0 = Debug|Any CPU
		{27ED0DE3-ADCE-4467-90A3-B0C6E69C9B6E}.Debug|ARM.ActiveCfg = Debug|ARM
		{27ED0DE3-ADCE-4467-90A3-B0C6E69C9B6E}.Debug|ARM.Build.0 = Debug|ARM
		{27ED0DE3-ADCE-4467-90A3-B0C6E69C9B6E}.Debug|ARM.Deploy.0 = Debug|ARM
		{27ED0DE3-ADCE-4467-90A3-B0C6E69C9B6E}.Debug|ARM64.ActiveCfg = Debug|ARM64
		{27ED0DE3-ADCE-4467-90A3-B0C6E69C9B6E}.Debug|ARM64.Build.0 = Debug|ARM64
		{27ED0DE3-ADCE-4467-90A3-B0C6E69C9B6E}.Debug|ARM64.Deploy.0 = Debug|ARM64
		{27ED0DE3-ADCE-4467-90A3-B0C6E69C9B6E}.Debug|x64.ActiveCfg = Debug|x64
		{27ED0DE3-ADCE-4467-90A3-B0C6E69C9B6E}.Debug|x64.Build.0 = Debug|x64
		{27ED0DE3-ADCE-4467-90A3-B0C6E69C9B6E}.Debug|x64.Deploy.0 = Debug|x64
		{27ED0DE3-ADCE-4467-90A3-B0C6E69C9B6E}.Debug|x86.ActiveCfg = Debug|x86
		{27ED0DE3-ADCE-4467-90A3-B0C6E69C9B6E}.Debug|x86.Build.0 = Debug|x86
		{27ED0DE3-ADCE-4467-90A3-B0C6E69C9B6E}.Debug|x86.Deploy.0 = Debug|x86
		{27ED0DE3-ADCE-4467-90A3-B0C6E69C9B6E}.Release|Any CPU.ActiveCfg = Release|Any CPU
		{27ED0DE3-ADCE-4467-90A3-B0C6E69C9B6E}.Release|Any CPU.Build.0 = Release|Any CPU
		{27ED0DE3-ADCE-4467-90A3-B0C6E69C9B6E}.Release|Any CPU.Deploy.0 = Release|Any CPU
		{27ED0DE3-ADCE-4467-90A3-B0C6E69C9B6E}.Release|ARM.ActiveCfg = Release|ARM
		{27ED0DE3-ADCE-4467-90A3-B0C6E69C9B6E}.Release|ARM.Build.0 = Release|ARM
		{27ED0DE3-ADCE-4467-90A3-B0C6E69C9B6E}.Release|ARM.Deploy.0 = Release|ARM
		{27ED0DE3-ADCE-4467-90A3-B0C6E69C9B6E}.Release|ARM64.ActiveCfg = Release|ARM64
		{27ED0DE3-ADCE-4467-90A3-B0C6E69C9B6E}.Release|ARM64.Build.0 = Release|ARM64
		{27ED0DE3-ADCE-4467-90A3-B0C6E69C9B6E}.Release|ARM64.Deploy.0 = Release|ARM64
		{27ED0DE3-ADCE-4467-90A3-B0C6E69C9B6E}.Release|x64.ActiveCfg = Release|x64
		{27ED0DE3-ADCE-4467-90A3-B0C6E69C9B6E}.Release|x64.Build.0 = Release|x64
		{27ED0DE3-ADCE-4467-90A3-B0C6E69C9B6E}.Release|x64.Deploy.0 = Release|x64
		{27ED0DE3-ADCE-4467-90A3-B0C6E69C9B6E}.Release|x86.ActiveCfg = Release|x86
		{27ED0DE3-ADCE-4467-90A3-B0C6E69C9B6E}.Release|x86.Build.0 = Release|x86
		{27ED0DE3-ADCE-4467-90A3-B0C6E69C9B6E}.Release|x86.Deploy.0 = Release|x86
	EndGlobalSection
	GlobalSection(SolutionProperties) = preSolution
		HideSolutionNode = FALSE
	EndGlobalSection
	GlobalSection(ExtensibilityGlobals) = postSolution
		SolutionGuid = {5AFB2D66-4BFD-4971-8112-2FC3B62FCD4B}
	EndGlobalSection
EndGlobal
